
Microsoft Visual Studio Solution File, Format Version 12.00
# Visual Studio Version 16
VisualStudioVersion = 16.0.31410.357
MinimumVisualStudioVersion = 10.0.40219.1
Project("{888888A0-9F3D-457C-B088-3A5042F75D52}") = "API-Final", "API-Final\API-Final.pyproj", "{26278FC1-0C93-4561-B58D-A7BED106CBAB}"
EndProject
Global
	GlobalSection(SolutionConfigurationPlatforms) = preSolution
		Debug|Any CPU = Debug|Any CPU
		Release|Any CPU = Release|Any CPU
	EndGlobalSection
	GlobalSection(ProjectConfigurationPlatforms) = postSolution
		{26278FC1-0C93-4561-B58D-A7BED106CBAB}.Debug|Any CPU.ActiveCfg = Debug|Any CPU
		{26278FC1-0C93-4561-B58D-A7BED106CBAB}.Release|Any CPU.ActiveCfg = Release|Any CPU
	EndGlobalSection
	GlobalSection(SolutionProperties) = preSolution
		HideSolutionNode = FALSE
	EndGlobalSection
	GlobalSection(ExtensibilityGlobals) = postSolution
		SolutionGuid = {C37A9DB8-2603-4430-AE68-66CB43224034}
	EndGlobalSection
EndGlobal
